// !$*UTF8*$!
{
	archiveVersion = 1;
	classes = {
	};
	objectVersion = 46;
	objects = {

/* Begin PBXBuildFile section */
		501B85531B38384200A5BA33 /* TableViewCell.m in Sources */ = {isa = PBXBuildFile; fileRef = 501B85521B38384200A5BA33 /* TableViewCell.m */; };
		501B85581B38385800A5BA33 /* CardPanTableViewCell.m in Sources */ = {isa = PBXBuildFile; fileRef = 501B85571B38385800A5BA33 /* CardPanTableViewCell.m */; };
		501B855C1B3838D100A5BA33 /* CardDetailsTableViewCell.m in Sources */ = {isa = PBXBuildFile; fileRef = 501B855B1B3838D100A5BA33 /* CardDetailsTableViewCell.m */; };
		501B85601B383CAD00A5BA33 /* PaymentTableViewCell.m in Sources */ = {isa = PBXBuildFile; fileRef = 501B855F1B383CAD00A5BA33 /* PaymentTableViewCell.m */; };
		501B85641B383D9300A5BA33 /* PaymentFormTableView.m in Sources */ = {isa = PBXBuildFile; fileRef = 501B85631B383D9300A5BA33 /* PaymentFormTableView.m */; };
		501B85681B384B3600A5BA33 /* PaymentFormField.m in Sources */ = {isa = PBXBuildFile; fileRef = 501B85671B384B3600A5BA33 /* PaymentFormField.m */; };
		5030420C1AE7BECA00CA5B9B /* main.m in Sources */ = {isa = PBXBuildFile; fileRef = 5030420B1AE7BECA00CA5B9B /* main.m */; };
		503042171AE7BECA00CA5B9B /* Images.xcassets in Resources */ = {isa = PBXBuildFile; fileRef = 503042161AE7BECA00CA5B9B /* Images.xcassets */; };
		5030421A1AE7BECA00CA5B9B /* LaunchScreen.xib in Resources */ = {isa = PBXBuildFile; fileRef = 503042181AE7BECA00CA5B9B /* LaunchScreen.xib */; };
		503042581AE7BF0D00CA5B9B /* ColourManager.m in Sources */ = {isa = PBXBuildFile; fileRef = 503042321AE7BF0D00CA5B9B /* ColourManager.m */; };
		5030425B1AE7BF0D00CA5B9B /* FontAwesome.otf in Resources */ = {isa = PBXBuildFile; fileRef = 503042371AE7BF0D00CA5B9B /* FontAwesome.otf */; };
		5030425C1AE7BF0D00CA5B9B /* FormDetails.m in Sources */ = {isa = PBXBuildFile; fileRef = 503042391AE7BF0D00CA5B9B /* FormDetails.m */; };
		503042651AE7BF0D00CA5B9B /* ImageManager.m in Sources */ = {isa = PBXBuildFile; fileRef = 503042441AE7BF0D00CA5B9B /* ImageManager.m */; };
		503042661AE7BF0D00CA5B9B /* MerchantServer.m in Sources */ = {isa = PBXBuildFile; fileRef = 503042461AE7BF0D00CA5B9B /* MerchantServer.m */; };
		503042671AE7BF0D00CA5B9B /* NavigationViewController.m in Sources */ = {isa = PBXBuildFile; fileRef = 503042481AE7BF0D00CA5B9B /* NavigationViewController.m */; };
		503042681AE7BF0D00CA5B9B /* NSString+strip.m in Sources */ = {isa = PBXBuildFile; fileRef = 5030424A1AE7BF0D00CA5B9B /* NSString+strip.m */; };
		503042691AE7BF0D00CA5B9B /* OutcomeViewController.m in Sources */ = {isa = PBXBuildFile; fileRef = 5030424C1AE7BF0D00CA5B9B /* OutcomeViewController.m */; };
		5030426A1AE7BF0D00CA5B9B /* Reachability.m in Sources */ = {isa = PBXBuildFile; fileRef = 5030424E1AE7BF0D00CA5B9B /* Reachability.m */; };
		5030426C1AE7BF0D00CA5B9B /* PaymentFormViewController.m in Sources */ = {isa = PBXBuildFile; fileRef = 503042521AE7BF0D00CA5B9B /* PaymentFormViewController.m */; };
		5030426D1AE7BF0D00CA5B9B /* TimeManager.m in Sources */ = {isa = PBXBuildFile; fileRef = 503042541AE7BF0D00CA5B9B /* TimeManager.m */; };
		5030426E1AE7BF0D00CA5B9B /* WelcomeViewController.m in Sources */ = {isa = PBXBuildFile; fileRef = 503042561AE7BF0D00CA5B9B /* WelcomeViewController.m */; };
		503042711AE7BFB100CA5B9B /* Main.storyboard in Resources */ = {isa = PBXBuildFile; fileRef = 5030426F1AE7BFB100CA5B9B /* Main.storyboard */; };
		504C93B81B284A4600511C5B /* FormField.m in Sources */ = {isa = PBXBuildFile; fileRef = 504C93B71B284A4600511C5B /* FormField.m */; };
		504DD8541AE940DF000C47B9 /* NetworkErrorManager.m in Sources */ = {isa = PBXBuildFile; fileRef = 504DD8531AE940DF000C47B9 /* NetworkErrorManager.m */; };
		504DD85C1AE9478D000C47B9 /* PaymentFormViewControllerAnimationManager.m in Sources */ = {isa = PBXBuildFile; fileRef = 504DD85B1AE9478D000C47B9 /* PaymentFormViewControllerAnimationManager.m */; };
		5081F3CF1AE7ED7C00D41911 /* SystemConfiguration.framework in Frameworks */ = {isa = PBXBuildFile; fileRef = 5081F3CE1AE7ED7C00D41911 /* SystemConfiguration.framework */; };
		5081F3D11AE7ED7F00D41911 /* CoreGraphics.framework in Frameworks */ = {isa = PBXBuildFile; fileRef = 5081F3D01AE7ED7F00D41911 /* CoreGraphics.framework */; };
		5081F3D31AE7ED8D00D41911 /* UIKit.framework in Frameworks */ = {isa = PBXBuildFile; fileRef = 5081F3D21AE7ED8D00D41911 /* UIKit.framework */; };
		508F40EB1AFD123B00CF2AAA /* MessageUI.framework in Frameworks */ = {isa = PBXBuildFile; fileRef = 508F40E91AFD122B00CF2AAA /* MessageUI.framework */; };
		50B5F9C01B3817DE00601202 /* DialogueView.m in Sources */ = {isa = PBXBuildFile; fileRef = 50B5F9BF1B3817DE00601202 /* DialogueView.m */; };
		50B5F9C31B3817EA00601202 /* DialogueView.xib in Resources */ = {isa = PBXBuildFile; fileRef = 50B5F9C21B3817EA00601202 /* DialogueView.xib */; };
		50B5F9C61B38183300601202 /* ActionButton.m in Sources */ = {isa = PBXBuildFile; fileRef = 50B5F9C51B38183300601202 /* ActionButton.m */; };
		50B5F9CA1B38199800601202 /* TitleLabel.m in Sources */ = {isa = PBXBuildFile; fileRef = 50B5F9C91B38199800601202 /* TitleLabel.m */; };
		50D495141B0237CD004AD686 /* AppDelegate.m in Sources */ = {isa = PBXBuildFile; fileRef = 50D495131B0237CD004AD686 /* AppDelegate.m */; };
		55DD575DF7137283D5E4650F /* libPods.a in Frameworks */ = {isa = PBXBuildFile; fileRef = 634D5C8FC38E16517A523F19 /* libPods.a */; };
/* End PBXBuildFile section */

/* Begin PBXFileReference section */
		11DD9E16EE5436A898267B55 /* Pods.release.xcconfig */ = {isa = PBXFileReference; includeInIndex = 1; lastKnownFileType = text.xcconfig; name = Pods.release.xcconfig; path = "Pods/Target Support Files/Pods/Pods.release.xcconfig"; sourceTree = "<group>"; };
		501B85511B38384200A5BA33 /* TableViewCell.h */ = {isa = PBXFileReference; fileEncoding = 4; lastKnownFileType = sourcecode.c.h; path = TableViewCell.h; sourceTree = "<group>"; };
		501B85521B38384200A5BA33 /* TableViewCell.m */ = {isa = PBXFileReference; fileEncoding = 4; lastKnownFileType = sourcecode.c.objc; path = TableViewCell.m; sourceTree = "<group>"; };
		501B85561B38385800A5BA33 /* CardPanTableViewCell.h */ = {isa = PBXFileReference; fileEncoding = 4; lastKnownFileType = sourcecode.c.h; path = CardPanTableViewCell.h; sourceTree = "<group>"; };
		501B85571B38385800A5BA33 /* CardPanTableViewCell.m */ = {isa = PBXFileReference; fileEncoding = 4; lastKnownFileType = sourcecode.c.objc; path = CardPanTableViewCell.m; sourceTree = "<group>"; };
		501B855A1B3838D100A5BA33 /* CardDetailsTableViewCell.h */ = {isa = PBXFileReference; fileEncoding = 4; lastKnownFileType = sourcecode.c.h; path = CardDetailsTableViewCell.h; sourceTree = "<group>"; };
		501B855B1B3838D100A5BA33 /* CardDetailsTableViewCell.m */ = {isa = PBXFileReference; fileEncoding = 4; lastKnownFileType = sourcecode.c.objc; path = CardDetailsTableViewCell.m; sourceTree = "<group>"; };
		501B855E1B383CAD00A5BA33 /* PaymentTableViewCell.h */ = {isa = PBXFileReference; fileEncoding = 4; lastKnownFileType = sourcecode.c.h; path = PaymentTableViewCell.h; sourceTree = "<group>"; };
		501B855F1B383CAD00A5BA33 /* PaymentTableViewCell.m */ = {isa = PBXFileReference; fileEncoding = 4; lastKnownFileType = sourcecode.c.objc; path = PaymentTableViewCell.m; sourceTree = "<group>"; };
		501B85621B383D9300A5BA33 /* PaymentFormTableView.h */ = {isa = PBXFileReference; fileEncoding = 4; lastKnownFileType = sourcecode.c.h; path = PaymentFormTableView.h; sourceTree = "<group>"; };
		501B85631B383D9300A5BA33 /* PaymentFormTableView.m */ = {isa = PBXFileReference; fileEncoding = 4; lastKnownFileType = sourcecode.c.objc; path = PaymentFormTableView.m; sourceTree = "<group>"; };
		501B85661B384B3600A5BA33 /* PaymentFormField.h */ = {isa = PBXFileReference; fileEncoding = 4; lastKnownFileType = sourcecode.c.h; path = PaymentFormField.h; sourceTree = "<group>"; };
		501B85671B384B3600A5BA33 /* PaymentFormField.m */ = {isa = PBXFileReference; fileEncoding = 4; lastKnownFileType = sourcecode.c.objc; path = PaymentFormField.m; sourceTree = "<group>"; };
		503042061AE7BECA00CA5B9B /* SDK Demo.app */ = {isa = PBXFileReference; explicitFileType = wrapper.application; includeInIndex = 0; path = "SDK Demo.app"; sourceTree = BUILT_PRODUCTS_DIR; };
		5030420A1AE7BECA00CA5B9B /* Info.plist */ = {isa = PBXFileReference; lastKnownFileType = text.plist.xml; path = Info.plist; sourceTree = "<group>"; };
		5030420B1AE7BECA00CA5B9B /* main.m */ = {isa = PBXFileReference; lastKnownFileType = sourcecode.c.objc; path = main.m; sourceTree = "<group>"; };
		5030420D1AE7BECA00CA5B9B /* AppDelegate.h */ = {isa = PBXFileReference; lastKnownFileType = sourcecode.c.h; path = AppDelegate.h; sourceTree = "<group>"; };
		503042161AE7BECA00CA5B9B /* Images.xcassets */ = {isa = PBXFileReference; lastKnownFileType = folder.assetcatalog; path = Images.xcassets; sourceTree = "<group>"; };
		503042191AE7BECA00CA5B9B /* Base */ = {isa = PBXFileReference; lastKnownFileType = file.xib; name = Base; path = Base.lproj/LaunchScreen.xib; sourceTree = "<group>"; };
		503042311AE7BF0D00CA5B9B /* ColourManager.h */ = {isa = PBXFileReference; fileEncoding = 4; lastKnownFileType = sourcecode.c.h; path = ColourManager.h; sourceTree = "<group>"; };
		503042321AE7BF0D00CA5B9B /* ColourManager.m */ = {isa = PBXFileReference; fileEncoding = 4; lastKnownFileType = sourcecode.c.objc; path = ColourManager.m; sourceTree = "<group>"; };
		503042371AE7BF0D00CA5B9B /* FontAwesome.otf */ = {isa = PBXFileReference; lastKnownFileType = file; path = FontAwesome.otf; sourceTree = "<group>"; };
		503042381AE7BF0D00CA5B9B /* FormDetails.h */ = {isa = PBXFileReference; fileEncoding = 4; lastKnownFileType = sourcecode.c.h; path = FormDetails.h; sourceTree = "<group>"; };
		503042391AE7BF0D00CA5B9B /* FormDetails.m */ = {isa = PBXFileReference; fileEncoding = 4; lastKnownFileType = sourcecode.c.objc; path = FormDetails.m; sourceTree = "<group>"; };
		503042431AE7BF0D00CA5B9B /* ImageManager.h */ = {isa = PBXFileReference; fileEncoding = 4; lastKnownFileType = sourcecode.c.h; path = ImageManager.h; sourceTree = "<group>"; };
		503042441AE7BF0D00CA5B9B /* ImageManager.m */ = {isa = PBXFileReference; fileEncoding = 4; lastKnownFileType = sourcecode.c.objc; path = ImageManager.m; sourceTree = "<group>"; };
		503042451AE7BF0D00CA5B9B /* MerchantServer.h */ = {isa = PBXFileReference; fileEncoding = 4; lastKnownFileType = sourcecode.c.h; path = MerchantServer.h; sourceTree = "<group>"; };
		503042461AE7BF0D00CA5B9B /* MerchantServer.m */ = {isa = PBXFileReference; fileEncoding = 4; lastKnownFileType = sourcecode.c.objc; path = MerchantServer.m; sourceTree = "<group>"; };
		503042471AE7BF0D00CA5B9B /* NavigationViewController.h */ = {isa = PBXFileReference; fileEncoding = 4; lastKnownFileType = sourcecode.c.h; path = NavigationViewController.h; sourceTree = "<group>"; };
		503042481AE7BF0D00CA5B9B /* NavigationViewController.m */ = {isa = PBXFileReference; fileEncoding = 4; lastKnownFileType = sourcecode.c.objc; path = NavigationViewController.m; sourceTree = "<group>"; };
		503042491AE7BF0D00CA5B9B /* NSString+strip.h */ = {isa = PBXFileReference; fileEncoding = 4; lastKnownFileType = sourcecode.c.h; path = "NSString+strip.h"; sourceTree = "<group>"; };
		5030424A1AE7BF0D00CA5B9B /* NSString+strip.m */ = {isa = PBXFileReference; fileEncoding = 4; lastKnownFileType = sourcecode.c.objc; path = "NSString+strip.m"; sourceTree = "<group>"; };
		5030424B1AE7BF0D00CA5B9B /* OutcomeViewController.h */ = {isa = PBXFileReference; fileEncoding = 4; lastKnownFileType = sourcecode.c.h; path = OutcomeViewController.h; sourceTree = "<group>"; };
		5030424C1AE7BF0D00CA5B9B /* OutcomeViewController.m */ = {isa = PBXFileReference; fileEncoding = 4; lastKnownFileType = sourcecode.c.objc; path = OutcomeViewController.m; sourceTree = "<group>"; };
		5030424D1AE7BF0D00CA5B9B /* Reachability.h */ = {isa = PBXFileReference; fileEncoding = 4; lastKnownFileType = sourcecode.c.h; path = Reachability.h; sourceTree = "<group>"; };
		5030424E1AE7BF0D00CA5B9B /* Reachability.m */ = {isa = PBXFileReference; fileEncoding = 4; lastKnownFileType = sourcecode.c.objc; path = Reachability.m; sourceTree = "<group>"; };
		503042511AE7BF0D00CA5B9B /* PaymentFormViewController.h */ = {isa = PBXFileReference; fileEncoding = 4; lastKnownFileType = sourcecode.c.h; path = PaymentFormViewController.h; sourceTree = "<group>"; };
		503042521AE7BF0D00CA5B9B /* PaymentFormViewController.m */ = {isa = PBXFileReference; fileEncoding = 4; lastKnownFileType = sourcecode.c.objc; path = PaymentFormViewController.m; sourceTree = "<group>"; };
		503042531AE7BF0D00CA5B9B /* TimeManager.h */ = {isa = PBXFileReference; fileEncoding = 4; lastKnownFileType = sourcecode.c.h; path = TimeManager.h; sourceTree = "<group>"; };
		503042541AE7BF0D00CA5B9B /* TimeManager.m */ = {isa = PBXFileReference; fileEncoding = 4; lastKnownFileType = sourcecode.c.objc; path = TimeManager.m; sourceTree = "<group>"; };
		503042551AE7BF0D00CA5B9B /* WelcomeViewController.h */ = {isa = PBXFileReference; fileEncoding = 4; lastKnownFileType = sourcecode.c.h; path = WelcomeViewController.h; sourceTree = "<group>"; };
		503042561AE7BF0D00CA5B9B /* WelcomeViewController.m */ = {isa = PBXFileReference; fileEncoding = 4; lastKnownFileType = sourcecode.c.objc; path = WelcomeViewController.m; sourceTree = "<group>"; };
		503042701AE7BFB100CA5B9B /* Base */ = {isa = PBXFileReference; lastKnownFileType = file.storyboard; name = Base; path = Base.lproj/Main.storyboard; sourceTree = "<group>"; };
		504C93B61B284A4600511C5B /* FormField.h */ = {isa = PBXFileReference; fileEncoding = 4; lastKnownFileType = sourcecode.c.h; path = FormField.h; sourceTree = "<group>"; };
		504C93B71B284A4600511C5B /* FormField.m */ = {isa = PBXFileReference; fileEncoding = 4; lastKnownFileType = sourcecode.c.objc; path = FormField.m; sourceTree = "<group>"; };
		504DD8521AE940DF000C47B9 /* NetworkErrorManager.h */ = {isa = PBXFileReference; fileEncoding = 4; lastKnownFileType = sourcecode.c.h; path = NetworkErrorManager.h; sourceTree = "<group>"; };
		504DD8531AE940DF000C47B9 /* NetworkErrorManager.m */ = {isa = PBXFileReference; fileEncoding = 4; lastKnownFileType = sourcecode.c.objc; path = NetworkErrorManager.m; sourceTree = "<group>"; };
		504DD85A1AE9478D000C47B9 /* PaymentFormViewControllerAnimationManager.h */ = {isa = PBXFileReference; fileEncoding = 4; lastKnownFileType = sourcecode.c.h; path = PaymentFormViewControllerAnimationManager.h; sourceTree = "<group>"; };
		504DD85B1AE9478D000C47B9 /* PaymentFormViewControllerAnimationManager.m */ = {isa = PBXFileReference; fileEncoding = 4; lastKnownFileType = sourcecode.c.objc; path = PaymentFormViewControllerAnimationManager.m; sourceTree = "<group>"; };
		5081F3CE1AE7ED7C00D41911 /* SystemConfiguration.framework */ = {isa = PBXFileReference; lastKnownFileType = wrapper.framework; name = SystemConfiguration.framework; path = System/Library/Frameworks/SystemConfiguration.framework; sourceTree = SDKROOT; };
		5081F3D01AE7ED7F00D41911 /* CoreGraphics.framework */ = {isa = PBXFileReference; lastKnownFileType = wrapper.framework; name = CoreGraphics.framework; path = System/Library/Frameworks/CoreGraphics.framework; sourceTree = SDKROOT; };
		5081F3D21AE7ED8D00D41911 /* UIKit.framework */ = {isa = PBXFileReference; lastKnownFileType = wrapper.framework; name = UIKit.framework; path = System/Library/Frameworks/UIKit.framework; sourceTree = SDKROOT; };
		508F40E91AFD122B00CF2AAA /* MessageUI.framework */ = {isa = PBXFileReference; lastKnownFileType = wrapper.framework; name = MessageUI.framework; path = System/Library/Frameworks/MessageUI.framework; sourceTree = SDKROOT; };
		50B5F9BE1B3817DE00601202 /* DialogueView.h */ = {isa = PBXFileReference; fileEncoding = 4; lastKnownFileType = sourcecode.c.h; path = DialogueView.h; sourceTree = "<group>"; };
		50B5F9BF1B3817DE00601202 /* DialogueView.m */ = {isa = PBXFileReference; fileEncoding = 4; lastKnownFileType = sourcecode.c.objc; path = DialogueView.m; sourceTree = "<group>"; };
		50B5F9C21B3817EA00601202 /* DialogueView.xib */ = {isa = PBXFileReference; fileEncoding = 4; lastKnownFileType = file.xib; path = DialogueView.xib; sourceTree = "<group>"; };
		50B5F9C41B38183300601202 /* ActionButton.h */ = {isa = PBXFileReference; fileEncoding = 4; lastKnownFileType = sourcecode.c.h; path = ActionButton.h; sourceTree = "<group>"; };
		50B5F9C51B38183300601202 /* ActionButton.m */ = {isa = PBXFileReference; fileEncoding = 4; lastKnownFileType = sourcecode.c.objc; path = ActionButton.m; sourceTree = "<group>"; };
		50B5F9C81B38199800601202 /* TitleLabel.h */ = {isa = PBXFileReference; fileEncoding = 4; lastKnownFileType = sourcecode.c.h; path = TitleLabel.h; sourceTree = "<group>"; };
		50B5F9C91B38199800601202 /* TitleLabel.m */ = {isa = PBXFileReference; fileEncoding = 4; lastKnownFileType = sourcecode.c.objc; path = TitleLabel.m; sourceTree = "<group>"; };
		50D495131B0237CD004AD686 /* AppDelegate.m */ = {isa = PBXFileReference; fileEncoding = 4; lastKnownFileType = sourcecode.c.objc; path = AppDelegate.m; sourceTree = "<group>"; };
		634D5C8FC38E16517A523F19 /* libPods.a */ = {isa = PBXFileReference; explicitFileType = archive.ar; includeInIndex = 0; path = libPods.a; sourceTree = BUILT_PRODUCTS_DIR; };
		E812B9A072370A3B32C4CF9D /* Pods.debug.xcconfig */ = {isa = PBXFileReference; includeInIndex = 1; lastKnownFileType = text.xcconfig; name = Pods.debug.xcconfig; path = "Pods/Target Support Files/Pods/Pods.debug.xcconfig"; sourceTree = "<group>"; };
/* End PBXFileReference section */

/* Begin PBXFrameworksBuildPhase section */
		503042031AE7BECA00CA5B9B /* Frameworks */ = {
			isa = PBXFrameworksBuildPhase;
			buildActionMask = 2147483647;
			files = (
				508F40EB1AFD123B00CF2AAA /* MessageUI.framework in Frameworks */,
				5081F3D31AE7ED8D00D41911 /* UIKit.framework in Frameworks */,
				5081F3D11AE7ED7F00D41911 /* CoreGraphics.framework in Frameworks */,
				5081F3CF1AE7ED7C00D41911 /* SystemConfiguration.framework in Frameworks */,
				55DD575DF7137283D5E4650F /* libPods.a in Frameworks */,
			);
			runOnlyForDeploymentPostprocessing = 0;
		};
/* End PBXFrameworksBuildPhase section */

/* Begin PBXGroup section */
		1B02B3AF86CC6424DB0C6DB0 /* Frameworks */ = {
			isa = PBXGroup;
			children = (
				634D5C8FC38E16517A523F19 /* libPods.a */,
			);
			name = Frameworks;
			sourceTree = "<group>";
		};
		501B85541B38384500A5BA33 /* TableViewCell */ = {
			isa = PBXGroup;
			children = (
				501B85511B38384200A5BA33 /* TableViewCell.h */,
				501B85521B38384200A5BA33 /* TableViewCell.m */,
			);
			name = TableViewCell;
			sourceTree = "<group>";
		};
		501B85551B38384800A5BA33 /* TableViewCells */ = {
			isa = PBXGroup;
			children = (
				501B85541B38384500A5BA33 /* TableViewCell */,
				501B85591B38385B00A5BA33 /* CardPanTableViewCell */,
				501B855D1B3838D400A5BA33 /* CardDetailsTableViewCell */,
				501B85611B383CB000A5BA33 /* PaymentTableViewCell */,
			);
			name = TableViewCells;
			sourceTree = "<group>";
		};
		501B85591B38385B00A5BA33 /* CardPanTableViewCell */ = {
			isa = PBXGroup;
			children = (
				501B85561B38385800A5BA33 /* CardPanTableViewCell.h */,
				501B85571B38385800A5BA33 /* CardPanTableViewCell.m */,
			);
			name = CardPanTableViewCell;
			sourceTree = "<group>";
		};
		501B855D1B3838D400A5BA33 /* CardDetailsTableViewCell */ = {
			isa = PBXGroup;
			children = (
				501B855A1B3838D100A5BA33 /* CardDetailsTableViewCell.h */,
				501B855B1B3838D100A5BA33 /* CardDetailsTableViewCell.m */,
			);
			name = CardDetailsTableViewCell;
			sourceTree = "<group>";
		};
		501B85611B383CB000A5BA33 /* PaymentTableViewCell */ = {
			isa = PBXGroup;
			children = (
				501B855E1B383CAD00A5BA33 /* PaymentTableViewCell.h */,
				501B855F1B383CAD00A5BA33 /* PaymentTableViewCell.m */,
			);
			name = PaymentTableViewCell;
			sourceTree = "<group>";
		};
		501B85651B383D9500A5BA33 /* PaymentFormTableView */ = {
			isa = PBXGroup;
			children = (
				501B85621B383D9300A5BA33 /* PaymentFormTableView.h */,
				501B85631B383D9300A5BA33 /* PaymentFormTableView.m */,
			);
			name = PaymentFormTableView;
			sourceTree = "<group>";
		};
		501B85691B384B3900A5BA33 /* PaymentFormField */ = {
			isa = PBXGroup;
			children = (
				501B85661B384B3600A5BA33 /* PaymentFormField.h */,
				501B85671B384B3600A5BA33 /* PaymentFormField.m */,
			);
			name = PaymentFormField;
			sourceTree = "<group>";
		};
		503041FD1AE7BEC900CA5B9B = {
			isa = PBXGroup;
			children = (
				503042081AE7BECA00CA5B9B /* Merchant */,
				5092F37A1AFA52B0004FFF62 /* LinkedFrameworks */,
				503042071AE7BECA00CA5B9B /* Products */,
				1B02B3AF86CC6424DB0C6DB0 /* Frameworks */,
				653A396F6693444099A64ACB /* Pods */,
			);
			sourceTree = "<group>";
		};
		503042071AE7BECA00CA5B9B /* Products */ = {
			isa = PBXGroup;
			children = (
				503042061AE7BECA00CA5B9B /* SDK Demo.app */,
			);
			name = Products;
			sourceTree = "<group>";
		};
		503042081AE7BECA00CA5B9B /* Merchant */ = {
			isa = PBXGroup;
			children = (
				5030426F1AE7BFB100CA5B9B /* Main.storyboard */,
				503042901AE7C20900CA5B9B /* AppDelegate */,
				503042911AE7C21E00CA5B9B /* Managers */,
				503042921AE7C22400CA5B9B /* Views */,
				503042931AE7C23100CA5B9B /* Model */,
				503042941AE7C23900CA5B9B /* ViewControllers */,
				503042961AE7C25000CA5B9B /* Networking */,
				503042951AE7C24200CA5B9B /* UIKitExtensions */,
				503042091AE7BECA00CA5B9B /* Supporting Files */,
			);
			path = Merchant;
			sourceTree = "<group>";
		};
		503042091AE7BECA00CA5B9B /* Supporting Files */ = {
			isa = PBXGroup;
			children = (
				503042181AE7BECA00CA5B9B /* LaunchScreen.xib */,
				503042161AE7BECA00CA5B9B /* Images.xcassets */,
				503042831AE7C1BC00CA5B9B /* Fonts */,
				5030420A1AE7BECA00CA5B9B /* Info.plist */,
				5030420B1AE7BECA00CA5B9B /* main.m */,
			);
			name = "Supporting Files";
			sourceTree = "<group>";
		};
		503042801AE7C1A900CA5B9B /* ColourManager */ = {
			isa = PBXGroup;
			children = (
				503042311AE7BF0D00CA5B9B /* ColourManager.h */,
				503042321AE7BF0D00CA5B9B /* ColourManager.m */,
			);
			name = ColourManager;
			sourceTree = "<group>";
		};
		503042831AE7C1BC00CA5B9B /* Fonts */ = {
			isa = PBXGroup;
			children = (
				503042371AE7BF0D00CA5B9B /* FontAwesome.otf */,
			);
			name = Fonts;
			sourceTree = "<group>";
		};
		503042841AE7C1C200CA5B9B /* FormDetails */ = {
			isa = PBXGroup;
			children = (
				503042381AE7BF0D00CA5B9B /* FormDetails.h */,
				503042391AE7BF0D00CA5B9B /* FormDetails.m */,
			);
			name = FormDetails;
			sourceTree = "<group>";
		};
		503042861AE7C1CE00CA5B9B /* ImageManager */ = {
			isa = PBXGroup;
			children = (
				503042431AE7BF0D00CA5B9B /* ImageManager.h */,
				503042441AE7BF0D00CA5B9B /* ImageManager.m */,
			);
			name = ImageManager;
			sourceTree = "<group>";
		};
		503042871AE7C1D400CA5B9B /* MerchantServer */ = {
			isa = PBXGroup;
			children = (
				503042451AE7BF0D00CA5B9B /* MerchantServer.h */,
				503042461AE7BF0D00CA5B9B /* MerchantServer.m */,
			);
			name = MerchantServer;
			sourceTree = "<group>";
		};
		503042881AE7C1DA00CA5B9B /* NavigationViewController */ = {
			isa = PBXGroup;
			children = (
				503042471AE7BF0D00CA5B9B /* NavigationViewController.h */,
				503042481AE7BF0D00CA5B9B /* NavigationViewController.m */,
			);
			name = NavigationViewController;
			sourceTree = "<group>";
		};
		503042891AE7C1E000CA5B9B /* NSString+strip */ = {
			isa = PBXGroup;
			children = (
				503042491AE7BF0D00CA5B9B /* NSString+strip.h */,
				5030424A1AE7BF0D00CA5B9B /* NSString+strip.m */,
			);
			name = "NSString+strip";
			sourceTree = "<group>";
		};
		5030428A1AE7C1E600CA5B9B /* OutcomeViewController */ = {
			isa = PBXGroup;
			children = (
				5030424B1AE7BF0D00CA5B9B /* OutcomeViewController.h */,
				5030424C1AE7BF0D00CA5B9B /* OutcomeViewController.m */,
			);
			name = OutcomeViewController;
			sourceTree = "<group>";
		};
		5030428B1AE7C1EC00CA5B9B /* Reachability */ = {
			isa = PBXGroup;
			children = (
				5030424D1AE7BF0D00CA5B9B /* Reachability.h */,
				5030424E1AE7BF0D00CA5B9B /* Reachability.m */,
			);
			name = Reachability;
			sourceTree = "<group>";
		};
		5030428D1AE7C1F700CA5B9B /* PaymentFormViewController */ = {
			isa = PBXGroup;
			children = (
				503042511AE7BF0D00CA5B9B /* PaymentFormViewController.h */,
				503042521AE7BF0D00CA5B9B /* PaymentFormViewController.m */,
			);
			name = PaymentFormViewController;
			sourceTree = "<group>";
		};
		5030428E1AE7C1FE00CA5B9B /* TimeManager */ = {
			isa = PBXGroup;
			children = (
				503042531AE7BF0D00CA5B9B /* TimeManager.h */,
				503042541AE7BF0D00CA5B9B /* TimeManager.m */,
			);
			name = TimeManager;
			sourceTree = "<group>";
		};
		5030428F1AE7C20300CA5B9B /* WelcomeViewController */ = {
			isa = PBXGroup;
			children = (
				503042551AE7BF0D00CA5B9B /* WelcomeViewController.h */,
				503042561AE7BF0D00CA5B9B /* WelcomeViewController.m */,
			);
			name = WelcomeViewController;
			sourceTree = "<group>";
		};
		503042901AE7C20900CA5B9B /* AppDelegate */ = {
			isa = PBXGroup;
			children = (
				5030420D1AE7BECA00CA5B9B /* AppDelegate.h */,
				50D495131B0237CD004AD686 /* AppDelegate.m */,
			);
			name = AppDelegate;
			sourceTree = "<group>";
		};
		503042911AE7C21E00CA5B9B /* Managers */ = {
			isa = PBXGroup;
			children = (
				503042801AE7C1A900CA5B9B /* ColourManager */,
				503042861AE7C1CE00CA5B9B /* ImageManager */,
				5030428E1AE7C1FE00CA5B9B /* TimeManager */,
				504DD8551AE940E2000C47B9 /* NetworkErrorManager */,
				504DD8631AE94C3E000C47B9 /* AnimationManagers */,
			);
			name = Managers;
			sourceTree = "<group>";
		};
		503042921AE7C22400CA5B9B /* Views */ = {
			isa = PBXGroup;
			children = (
				504C93B91B284A4C00511C5B /* FormField */,
				501B85691B384B3900A5BA33 /* PaymentFormField */,
				50B5F9C11B3817E100601202 /* DialogueView */,
				50B5F9C71B38183500601202 /* ActionButton */,
				50B5F9CB1B38199B00601202 /* TitleLabel */,
				501B85551B38384800A5BA33 /* TableViewCells */,
				501B85651B383D9500A5BA33 /* PaymentFormTableView */,
			);
			name = Views;
			sourceTree = "<group>";
		};
		503042931AE7C23100CA5B9B /* Model */ = {
			isa = PBXGroup;
			children = (
				503042841AE7C1C200CA5B9B /* FormDetails */,
			);
			name = Model;
			sourceTree = "<group>";
		};
		503042941AE7C23900CA5B9B /* ViewControllers */ = {
			isa = PBXGroup;
			children = (
				503042881AE7C1DA00CA5B9B /* NavigationViewController */,
				5030428F1AE7C20300CA5B9B /* WelcomeViewController */,
				5030428D1AE7C1F700CA5B9B /* PaymentFormViewController */,
				5030428A1AE7C1E600CA5B9B /* OutcomeViewController */,
			);
			name = ViewControllers;
			sourceTree = "<group>";
		};
		503042951AE7C24200CA5B9B /* UIKitExtensions */ = {
			isa = PBXGroup;
			children = (
				503042891AE7C1E000CA5B9B /* NSString+strip */,
			);
			name = UIKitExtensions;
			sourceTree = "<group>";
		};
		503042961AE7C25000CA5B9B /* Networking */ = {
			isa = PBXGroup;
			children = (
				503042871AE7C1D400CA5B9B /* MerchantServer */,
				5030428B1AE7C1EC00CA5B9B /* Reachability */,
			);
			name = Networking;
			sourceTree = "<group>";
		};
		504C93B91B284A4C00511C5B /* FormField */ = {
			isa = PBXGroup;
			children = (
				504C93B61B284A4600511C5B /* FormField.h */,
				504C93B71B284A4600511C5B /* FormField.m */,
			);
			name = FormField;
			sourceTree = "<group>";
		};
		504DD8551AE940E2000C47B9 /* NetworkErrorManager */ = {
			isa = PBXGroup;
			children = (
				504DD8521AE940DF000C47B9 /* NetworkErrorManager.h */,
				504DD8531AE940DF000C47B9 /* NetworkErrorManager.m */,
			);
			name = NetworkErrorManager;
			sourceTree = "<group>";
		};
		504DD85D1AE94790000C47B9 /* PaymentFormAnimationManager */ = {
			isa = PBXGroup;
			children = (
				504DD85A1AE9478D000C47B9 /* PaymentFormViewControllerAnimationManager.h */,
				504DD85B1AE9478D000C47B9 /* PaymentFormViewControllerAnimationManager.m */,
			);
			name = PaymentFormAnimationManager;
			sourceTree = "<group>";
		};
		504DD8631AE94C3E000C47B9 /* AnimationManagers */ = {
			isa = PBXGroup;
			children = (
				504DD85D1AE94790000C47B9 /* PaymentFormAnimationManager */,
			);
			name = AnimationManagers;
			sourceTree = "<group>";
		};
		5092F37A1AFA52B0004FFF62 /* LinkedFrameworks */ = {
			isa = PBXGroup;
			children = (
				5081F3D21AE7ED8D00D41911 /* UIKit.framework */,
				5081F3D01AE7ED7F00D41911 /* CoreGraphics.framework */,
				508F40E91AFD122B00CF2AAA /* MessageUI.framework */,
				5081F3CE1AE7ED7C00D41911 /* SystemConfiguration.framework */,
			);
			name = LinkedFrameworks;
			sourceTree = "<group>";
		};
		50B5F9C11B3817E100601202 /* DialogueView */ = {
			isa = PBXGroup;
			children = (
				50B5F9BE1B3817DE00601202 /* DialogueView.h */,
				50B5F9BF1B3817DE00601202 /* DialogueView.m */,
				50B5F9C21B3817EA00601202 /* DialogueView.xib */,
			);
			name = DialogueView;
			sourceTree = "<group>";
		};
		50B5F9C71B38183500601202 /* ActionButton */ = {
			isa = PBXGroup;
			children = (
				50B5F9C41B38183300601202 /* ActionButton.h */,
				50B5F9C51B38183300601202 /* ActionButton.m */,
			);
			name = ActionButton;
			sourceTree = "<group>";
		};
		50B5F9CB1B38199B00601202 /* TitleLabel */ = {
			isa = PBXGroup;
			children = (
				50B5F9C81B38199800601202 /* TitleLabel.h */,
				50B5F9C91B38199800601202 /* TitleLabel.m */,
			);
			name = TitleLabel;
			sourceTree = "<group>";
		};
		653A396F6693444099A64ACB /* Pods */ = {
			isa = PBXGroup;
			children = (
				E812B9A072370A3B32C4CF9D /* Pods.debug.xcconfig */,
				11DD9E16EE5436A898267B55 /* Pods.release.xcconfig */,
			);
			name = Pods;
			sourceTree = "<group>";
		};
/* End PBXGroup section */

/* Begin PBXNativeTarget section */
		503042051AE7BECA00CA5B9B /* Merchant */ = {
			isa = PBXNativeTarget;
			buildConfigurationList = 503042291AE7BECA00CA5B9B /* Build configuration list for PBXNativeTarget "Merchant" */;
			buildPhases = (
				002DFF259C2C798E915A046A /* Check Pods Manifest.lock */,
				503042021AE7BECA00CA5B9B /* Sources */,
				503042031AE7BECA00CA5B9B /* Frameworks */,
				503042041AE7BECA00CA5B9B /* Resources */,
				90A4670D9883C42B141E740D /* Copy Pods Resources */,
			);
			buildRules = (
			);
			dependencies = (
			);
			name = Merchant;
			productName = Merchant;
			productReference = 503042061AE7BECA00CA5B9B /* SDK Demo.app */;
			productType = "com.apple.product-type.application";
		};
/* End PBXNativeTarget section */

/* Begin PBXProject section */
		503041FE1AE7BEC900CA5B9B /* Project object */ = {
			isa = PBXProject;
			attributes = {
				LastUpgradeCheck = 0630;
				ORGANIZATIONNAME = Paypoint;
				TargetAttributes = {
					503042051AE7BECA00CA5B9B = {
						CreatedOnToolsVersion = 6.3;
					};
				};
			};
			buildConfigurationList = 503042011AE7BEC900CA5B9B /* Build configuration list for PBXProject "Merchant" */;
			compatibilityVersion = "Xcode 3.2";
			developmentRegion = English;
			hasScannedForEncodings = 0;
			knownRegions = (
				en,
				Base,
			);
			mainGroup = 503041FD1AE7BEC900CA5B9B;
			productRefGroup = 503042071AE7BECA00CA5B9B /* Products */;
			projectDirPath = "";
			projectRoot = "";
			targets = (
				503042051AE7BECA00CA5B9B /* Merchant */,
			);
		};
/* End PBXProject section */

/* Begin PBXResourcesBuildPhase section */
		503042041AE7BECA00CA5B9B /* Resources */ = {
			isa = PBXResourcesBuildPhase;
			buildActionMask = 2147483647;
			files = (
				50B5F9C31B3817EA00601202 /* DialogueView.xib in Resources */,
				5030421A1AE7BECA00CA5B9B /* LaunchScreen.xib in Resources */,
				503042711AE7BFB100CA5B9B /* Main.storyboard in Resources */,
				5030425B1AE7BF0D00CA5B9B /* FontAwesome.otf in Resources */,
				503042171AE7BECA00CA5B9B /* Images.xcassets in Resources */,
			);
			runOnlyForDeploymentPostprocessing = 0;
		};
/* End PBXResourcesBuildPhase section */

/* Begin PBXShellScriptBuildPhase section */
		002DFF259C2C798E915A046A /* Check Pods Manifest.lock */ = {
			isa = PBXShellScriptBuildPhase;
			buildActionMask = 2147483647;
			files = (
			);
			inputPaths = (
			);
			name = "Check Pods Manifest.lock";
			outputPaths = (
			);
			runOnlyForDeploymentPostprocessing = 0;
			shellPath = /bin/sh;
			shellScript = "diff \"${PODS_ROOT}/../Podfile.lock\" \"${PODS_ROOT}/Manifest.lock\" > /dev/null\nif [[ $? != 0 ]] ; then\n    cat << EOM\nerror: The sandbox is not in sync with the Podfile.lock. Run 'pod install' or update your CocoaPods installation.\nEOM\n    exit 1\nfi\n";
			showEnvVarsInLog = 0;
		};
		90A4670D9883C42B141E740D /* Copy Pods Resources */ = {
			isa = PBXShellScriptBuildPhase;
			buildActionMask = 2147483647;
			files = (
			);
			inputPaths = (
			);
			name = "Copy Pods Resources";
			outputPaths = (
			);
			runOnlyForDeploymentPostprocessing = 0;
			shellPath = /bin/sh;
			shellScript = "\"${SRCROOT}/Pods/Target Support Files/Pods/Pods-resources.sh\"\n";
			showEnvVarsInLog = 0;
		};
/* End PBXShellScriptBuildPhase section */

/* Begin PBXSourcesBuildPhase section */
		503042021AE7BECA00CA5B9B /* Sources */ = {
			isa = PBXSourcesBuildPhase;
			buildActionMask = 2147483647;
			files = (
				501B855C1B3838D100A5BA33 /* CardDetailsTableViewCell.m in Sources */,
				50D495141B0237CD004AD686 /* AppDelegate.m in Sources */,
				503042691AE7BF0D00CA5B9B /* OutcomeViewController.m in Sources */,
				503042661AE7BF0D00CA5B9B /* MerchantServer.m in Sources */,
				50B5F9C61B38183300601202 /* ActionButton.m in Sources */,
				503042681AE7BF0D00CA5B9B /* NSString+strip.m in Sources */,
				501B85681B384B3600A5BA33 /* PaymentFormField.m in Sources */,
				503042651AE7BF0D00CA5B9B /* ImageManager.m in Sources */,
				504C93B81B284A4600511C5B /* FormField.m in Sources */,
				503042581AE7BF0D00CA5B9B /* ColourManager.m in Sources */,
				501B85531B38384200A5BA33 /* TableViewCell.m in Sources */,
				501B85601B383CAD00A5BA33 /* PaymentTableViewCell.m in Sources */,
				504DD8541AE940DF000C47B9 /* NetworkErrorManager.m in Sources */,
				5030426E1AE7BF0D00CA5B9B /* WelcomeViewController.m in Sources */,
				5030426A1AE7BF0D00CA5B9B /* Reachability.m in Sources */,
				5030426C1AE7BF0D00CA5B9B /* PaymentFormViewController.m in Sources */,
				501B85581B38385800A5BA33 /* CardPanTableViewCell.m in Sources */,
				5030425C1AE7BF0D00CA5B9B /* FormDetails.m in Sources */,
				501B85641B383D9300A5BA33 /* PaymentFormTableView.m in Sources */,
				5030420C1AE7BECA00CA5B9B /* main.m in Sources */,
				50B5F9C01B3817DE00601202 /* DialogueView.m in Sources */,
				504DD85C1AE9478D000C47B9 /* PaymentFormViewControllerAnimationManager.m in Sources */,
				50B5F9CA1B38199800601202 /* TitleLabel.m in Sources */,
				5030426D1AE7BF0D00CA5B9B /* TimeManager.m in Sources */,
				503042671AE7BF0D00CA5B9B /* NavigationViewController.m in Sources */,
			);
			runOnlyForDeploymentPostprocessing = 0;
		};
/* End PBXSourcesBuildPhase section */

/* Begin PBXVariantGroup section */
		503042181AE7BECA00CA5B9B /* LaunchScreen.xib */ = {
			isa = PBXVariantGroup;
			children = (
				503042191AE7BECA00CA5B9B /* Base */,
			);
			name = LaunchScreen.xib;
			sourceTree = "<group>";
		};
		5030426F1AE7BFB100CA5B9B /* Main.storyboard */ = {
			isa = PBXVariantGroup;
			children = (
				503042701AE7BFB100CA5B9B /* Base */,
			);
			name = Main.storyboard;
			sourceTree = "<group>";
		};
/* End PBXVariantGroup section */

/* Begin XCBuildConfiguration section */
		503042271AE7BECA00CA5B9B /* Debug */ = {
			isa = XCBuildConfiguration;
			buildSettings = {
				ALWAYS_SEARCH_USER_PATHS = NO;
				CLANG_CXX_LANGUAGE_STANDARD = "gnu++0x";
				CLANG_CXX_LIBRARY = "libc++";
				CLANG_ENABLE_MODULES = YES;
				CLANG_ENABLE_OBJC_ARC = YES;
				CLANG_WARN_BOOL_CONVERSION = YES;
				CLANG_WARN_CONSTANT_CONVERSION = YES;
				CLANG_WARN_DIRECT_OBJC_ISA_USAGE = YES_ERROR;
				CLANG_WARN_EMPTY_BODY = YES;
				CLANG_WARN_ENUM_CONVERSION = YES;
				CLANG_WARN_INT_CONVERSION = YES;
				CLANG_WARN_OBJC_ROOT_CLASS = YES_ERROR;
				CLANG_WARN_UNREACHABLE_CODE = YES;
				CLANG_WARN__DUPLICATE_METHOD_MATCH = YES;
				"CODE_SIGN_IDENTITY[sdk=iphoneos*]" = "iPhone Developer";
				COPY_PHASE_STRIP = NO;
				DEBUG_INFORMATION_FORMAT = "dwarf-with-dsym";
				ENABLE_STRICT_OBJC_MSGSEND = YES;
				GCC_C_LANGUAGE_STANDARD = gnu99;
				GCC_DYNAMIC_NO_PIC = NO;
				GCC_NO_COMMON_BLOCKS = YES;
				GCC_OPTIMIZATION_LEVEL = 0;
				GCC_PREPROCESSOR_DEFINITIONS = (
					"DEBUG=1",
					"$(inherited)",
				);
				GCC_SYMBOLS_PRIVATE_EXTERN = NO;
				GCC_WARN_64_TO_32_BIT_CONVERSION = YES;
				GCC_WARN_ABOUT_RETURN_TYPE = YES_ERROR;
				GCC_WARN_UNDECLARED_SELECTOR = YES;
				GCC_WARN_UNINITIALIZED_AUTOS = YES_AGGRESSIVE;
				GCC_WARN_UNUSED_FUNCTION = YES;
				GCC_WARN_UNUSED_VARIABLE = YES;
				IPHONEOS_DEPLOYMENT_TARGET = 7.0;
				MTL_ENABLE_DEBUG_INFO = YES;
				ONLY_ACTIVE_ARCH = YES;
				SDKROOT = iphoneos;
			};
			name = Debug;
		};
		503042281AE7BECA00CA5B9B /* Release */ = {
			isa = XCBuildConfiguration;
			buildSettings = {
				ALWAYS_SEARCH_USER_PATHS = NO;
				CLANG_CXX_LANGUAGE_STANDARD = "gnu++0x";
				CLANG_CXX_LIBRARY = "libc++";
				CLANG_ENABLE_MODULES = YES;
				CLANG_ENABLE_OBJC_ARC = YES;
				CLANG_WARN_BOOL_CONVERSION = YES;
				CLANG_WARN_CONSTANT_CONVERSION = YES;
				CLANG_WARN_DIRECT_OBJC_ISA_USAGE = YES_ERROR;
				CLANG_WARN_EMPTY_BODY = YES;
				CLANG_WARN_ENUM_CONVERSION = YES;
				CLANG_WARN_INT_CONVERSION = YES;
				CLANG_WARN_OBJC_ROOT_CLASS = YES_ERROR;
				CLANG_WARN_UNREACHABLE_CODE = YES;
				CLANG_WARN__DUPLICATE_METHOD_MATCH = YES;
				"CODE_SIGN_IDENTITY[sdk=iphoneos*]" = "iPhone Developer";
				COPY_PHASE_STRIP = NO;
				DEBUG_INFORMATION_FORMAT = "dwarf-with-dsym";
				ENABLE_NS_ASSERTIONS = NO;
				ENABLE_STRICT_OBJC_MSGSEND = YES;
				GCC_C_LANGUAGE_STANDARD = gnu99;
				GCC_NO_COMMON_BLOCKS = YES;
				GCC_WARN_64_TO_32_BIT_CONVERSION = YES;
				GCC_WARN_ABOUT_RETURN_TYPE = YES_ERROR;
				GCC_WARN_UNDECLARED_SELECTOR = YES;
				GCC_WARN_UNINITIALIZED_AUTOS = YES_AGGRESSIVE;
				GCC_WARN_UNUSED_FUNCTION = YES;
				GCC_WARN_UNUSED_VARIABLE = YES;
				IPHONEOS_DEPLOYMENT_TARGET = 7.0;
				MTL_ENABLE_DEBUG_INFO = NO;
				SDKROOT = iphoneos;
				VALIDATE_PRODUCT = YES;
			};
			name = Release;
		};
		5030422A1AE7BECA00CA5B9B /* Debug */ = {
			isa = XCBuildConfiguration;
			baseConfigurationReference = E812B9A072370A3B32C4CF9D /* Pods.debug.xcconfig */;
			buildSettings = {
				ASSETCATALOG_COMPILER_APPICON_NAME = AppIcon;
				ASSETCATALOG_COMPILER_LAUNCHIMAGE_NAME = LaunchImage;
				CODE_SIGN_IDENTITY = "iPhone Developer";
				"CODE_SIGN_IDENTITY[sdk=iphoneos*]" = "iPhone Developer";
				CURRENT_PROJECT_VERSION = 1;
				FRAMEWORK_SEARCH_PATHS = (
					"$(inherited)",
					"$(PROJECT_DIR)/Merchant",
					"$(USER_LIBRARY_DIR)/Developer/Xcode/DerivedData/Development-ghzvlbfqtyylivhdrukhheoxbeyw/Build/Products/Debug-iphoneos",
					"$(PROJECT_DIR)",
				);
				GCC_PREPROCESSOR_DEFINITIONS = (
					"$(inherited)",
					"COCOAPODS=1",
				);
				INFOPLIST_FILE = Merchant/Info.plist;
				IPHONEOS_DEPLOYMENT_TARGET = 7.0;
				LD_RUNPATH_SEARCH_PATHS = "$(inherited) @executable_path/Frameworks";
				LINK_WITH_STANDARD_LIBRARIES = YES;
				PRODUCT_NAME = "SDK Demo";
				PROVISIONING_PROFILE = "";
				VERSIONING_SYSTEM = "apple-generic";
			};
			name = Debug;
		};
		5030422B1AE7BECA00CA5B9B /* Release */ = {
			isa = XCBuildConfiguration;
			baseConfigurationReference = 11DD9E16EE5436A898267B55 /* Pods.release.xcconfig */;
			buildSettings = {
				ASSETCATALOG_COMPILER_APPICON_NAME = AppIcon;
				ASSETCATALOG_COMPILER_LAUNCHIMAGE_NAME = LaunchImage;
				CODE_SIGN_IDENTITY = "iPhone Developer";
				"CODE_SIGN_IDENTITY[sdk=iphoneos*]" = "iPhone Developer";
				CURRENT_PROJECT_VERSION = 1;
				FRAMEWORK_SEARCH_PATHS = (
					"$(inherited)",
					"$(PROJECT_DIR)/Merchant",
					"$(USER_LIBRARY_DIR)/Developer/Xcode/DerivedData/Development-ghzvlbfqtyylivhdrukhheoxbeyw/Build/Products/Debug-iphoneos",
					"$(PROJECT_DIR)",
				);
				INFOPLIST_FILE = Merchant/Info.plist;
				IPHONEOS_DEPLOYMENT_TARGET = 7.0;
				LD_RUNPATH_SEARCH_PATHS = "$(inherited) @executable_path/Frameworks";
				LINK_WITH_STANDARD_LIBRARIES = YES;
				PRODUCT_NAME = "SDK Demo";
				PROVISIONING_PROFILE = "";
				VERSIONING_SYSTEM = "apple-generic";
			};
			name = Release;
		};
/* End XCBuildConfiguration section */

/* Begin XCConfigurationList section */
		503042011AE7BEC900CA5B9B /* Build configuration list for PBXProject "Merchant" */ = {
			isa = XCConfigurationList;
			buildConfigurations = (
				503042271AE7BECA00CA5B9B /* Debug */,
				503042281AE7BECA00CA5B9B /* Release */,
			);
			defaultConfigurationIsVisible = 0;
			defaultConfigurationName = Release;
		};
		503042291AE7BECA00CA5B9B /* Build configuration list for PBXNativeTarget "Merchant" */ = {
			isa = XCConfigurationList;
			buildConfigurations = (
				5030422A1AE7BECA00CA5B9B /* Debug */,
				5030422B1AE7BECA00CA5B9B /* Release */,
			);
			defaultConfigurationIsVisible = 0;
			defaultConfigurationName = Release;
		};
/* End XCConfigurationList section */
	};
	rootObject = 503041FE1AE7BEC900CA5B9B /* Project object */;
}
